lockfileVersion: 5.3

specifiers:
  '@babel/generator': ^7.12.5
  '@babel/parser': ^7.12.7
  '@babel/traverse': ^7.12.9
  babel-types: ^6.26.0
  webpack: ^5.9.0
  webpack-cli: ^4.2.0

dependencies:
  '@babel/generator': 7.25.6
  '@babel/parser': 7.25.6
  '@babel/traverse': 7.25.6

devDependencies:
  babel-types: 6.26.0
  webpack: 5.95.0_webpack-cli@4.10.0
  webpack-cli: 4.10.0_webpack@5.95.0

packages:

  /@babel/code-frame/7.24.7:
    resolution: {integrity: sha512-BcYH1CVJBO9tvyIZ2jVeXgSIMvGZ2FDRvDdOIVQyuklNKSsx+eppDEBq/g47Ayw+RqNFE+URvOShmf+f/qwAlA==}
    engines: {node: '>=6.9.0'}
    dependencies:
      '@babel/highlight': 7.24.7
      picocolors: 1.1.0
    dev: false

  /@babel/generator/7.25.6:
    resolution: {integrity: sha512-VPC82gr1seXOpkjAAKoLhP50vx4vGNlF4msF64dSFq1P8RfB+QAuJWGHPXXPc8QyfVWwwB/TNNU4+ayZmHNbZw==}
    engines: {node: '>=6.9.0'}
    dependencies:
      '@babel/types': 7.25.6
      '@jridgewell/gen-mapping': 0.3.5
      '@jridgewell/trace-mapping': 0.3.25
      jsesc: 2.5.2
    dev: false

  /@babel/helper-string-parser/7.24.8:
    resolution: {integrity: sha512-pO9KhhRcuUyGnJWwyEgnRJTSIZHiT+vMD0kPeD+so0l7mxkMT19g3pjY9GTnHySck/hDzq+dtW/4VgnMkippsQ==}
    engines: {node: '>=6.9.0'}
    dev: false

  /@babel/helper-validator-identifier/7.24.7:
    resolution: {integrity: sha512-rR+PBcQ1SMQDDyF6X0wxtG8QyLCgUB0eRAGguqRLfkCA87l7yAP7ehq8SNj96OOGTO8OBV70KhuFYcIkHXOg0w==}
    engines: {node: '>=6.9.0'}
    dev: false

  /@babel/highlight/7.24.7:
    resolution: {integrity: sha512-EStJpq4OuY8xYfhGVXngigBJRWxftKX9ksiGDnmlY3o7B/V7KIAc9X4oiK87uPJSc/vs5L869bem5fhZa8caZw==}
    engines: {node: '>=6.9.0'}
    dependencies:
      '@babel/helper-validator-identifier': 7.24.7
      chalk: 2.4.2
      js-tokens: 4.0.0
      picocolors: 1.1.0
    dev: false

  /@babel/parser/7.25.6:
    resolution: {integrity: sha512-trGdfBdbD0l1ZPmcJ83eNxB9rbEax4ALFTF7fN386TMYbeCQbyme5cOEXQhbGXKebwGaB/J52w1mrklMcbgy6Q==}
    engines: {node: '>=6.0.0'}
    hasBin: true
    dependencies:
      '@babel/types': 7.25.6
    dev: false

  /@babel/template/7.25.0:
    resolution: {integrity: sha512-aOOgh1/5XzKvg1jvVz7AVrx2piJ2XBi227DHmbY6y+bM9H2FlN+IfecYu4Xl0cNiiVejlsCri89LUsbj8vJD9Q==}
    engines: {node: '>=6.9.0'}
    dependencies:
      '@babel/code-frame': 7.24.7
      '@babel/parser': 7.25.6
      '@babel/types': 7.25.6
    dev: false

  /@babel/traverse/7.25.6:
    resolution: {integrity: sha512-9Vrcx5ZW6UwK5tvqsj0nGpp/XzqthkT0dqIc9g1AdtygFToNtTF67XzYS//dm+SAK9cp3B9R4ZO/46p63SCjlQ==}
    engines: {node: '>=6.9.0'}
    dependencies:
      '@babel/code-frame': 7.24.7
      '@babel/generator': 7.25.6
      '@babel/parser': 7.25.6
      '@babel/template': 7.25.0
      '@babel/types': 7.25.6
      debug: 4.3.7
      globals: 11.12.0
    transitivePeerDependencies:
      - supports-color
    dev: false

  /@babel/types/7.25.6:
    resolution: {integrity: sha512-/l42B1qxpG6RdfYf343Uw1vmDjeNhneUXtzhojE7pDgfpEypmRhI6j1kr17XCVv4Cgl9HdAiQY2x0GwKm7rWCw==}
    engines: {node: '>=6.9.0'}
    dependencies:
      '@babel/helper-string-parser': 7.24.8
      '@babel/helper-validator-identifier': 7.24.7
      to-fast-properties: 2.0.0
    dev: false

  /@discoveryjs/json-ext/0.5.7:
    resolution: {integrity: sha512-dBVuXR082gk3jsFp7Rd/JI4kytwGHecnCoTtXFb7DB6CNHp4rg5k1bhg0nWdLGLnOV71lmDzGQaLMy8iPLY0pw==}
    engines: {node: '>=10.0.0'}
    dev: true

  /@jridgewell/gen-mapping/0.3.5:
    resolution: {integrity: sha512-IzL8ZoEDIBRWEzlCcRhOaCupYyN5gdIK+Q6fbFdPDg6HqX6jpkItn7DFIpW9LQzXG6Df9sA7+OKnq0qlz/GaQg==}
    engines: {node: '>=6.0.0'}
    dependencies:
      '@jridgewell/set-array': 1.2.1
      '@jridgewell/sourcemap-codec': 1.5.0
      '@jridgewell/trace-mapping': 0.3.25

  /@jridgewell/resolve-uri/3.1.2:
    resolution: {integrity: sha512-bRISgCIjP20/tbWSPWMEi54QVPRZExkuD9lJL+UIxUKtwVJA8wW1Trb1jMs1RFXo1CBTNZ/5hpC9QvmKWdopKw==}
    engines: {node: '>=6.0.0'}

  /@jridgewell/set-array/1.2.1:
    resolution: {integrity: sha512-R8gLRTZeyp03ymzP/6Lil/28tGeGEzhx1q2k703KGWRAI1VdvPIXdG70VJc2pAMw3NA6JKL5hhFu1sJX0Mnn/A==}
    engines: {node: '>=6.0.0'}

  /@jridgewell/source-map/0.3.6:
    resolution: {integrity: sha512-1ZJTZebgqllO79ue2bm3rIGud/bOe0pP5BjSRCRxxYkEZS8STV7zN84UBbiYu7jy+eCKSnVIUgoWWE/tt+shMQ==}
    dependencies:
      '@jridgewell/gen-mapping': 0.3.5
      '@jridgewell/trace-mapping': 0.3.25
    dev: true

  /@jridgewell/sourcemap-codec/1.5.0:
    resolution: {integrity: sha512-gv3ZRaISU3fjPAgNsriBRqGWQL6quFx04YMPW/zD8XMLsU32mhCCbfbO6KZFLjvYpCZ8zyDEgqsgf+PwPaM7GQ==}

  /@jridgewell/trace-mapping/0.3.25:
    resolution: {integrity: sha512-vNk6aEwybGtawWmy/PzwnGDOjCkLWSD2wqvjGGAgOAwCGWySYXfYoxt00IJkTF+8Lb57DwOb3Aa0o9CApepiYQ==}
    dependencies:
      '@jridgewell/resolve-uri': 3.1.2
      '@jridgewell/sourcemap-codec': 1.5.0

  /@types/estree/1.0.6:
    resolution: {integrity: sha512-AYnb1nQyY49te+VRAVgmzfcgjYS91mY5P0TKUDCLEM+gNnA+3T6rWITXRLYCpahpqSQbN5cE+gHpnPyXjHWxcw==}
    dev: true

  /@types/json-schema/7.0.15:
    resolution: {integrity: sha512-5+fP8P8MFNC+AyZCDxrB2pkZFPGzqQWUzpSeuuVLvm8VMcorNYavBqoFcxK8bQz4Qsbn4oUEEem4wDLfcysGHA==}
    dev: true

  /@types/node/22.7.4:
    resolution: {integrity: sha512-y+NPi1rFzDs1NdQHHToqeiX2TIS79SWEAw9GYhkkx8bD0ChpfqC+n2j5OXOCpzfojBEBt6DnEnnG9MY0zk1XLg==}
    dependencies:
      undici-types: 6.19.8
    dev: true

  /@webassemblyjs/ast/1.12.1:
    resolution: {integrity: sha512-EKfMUOPRRUTy5UII4qJDGPpqfwjOmZ5jeGFwid9mnoqIFK+e0vqoi1qH56JpmZSzEL53jKnNzScdmftJyG5xWg==}
    dependencies:
      '@webassemblyjs/helper-numbers': 1.11.6
      '@webassemblyjs/helper-wasm-bytecode': 1.11.6
    dev: true

  /@webassemblyjs/floating-point-hex-parser/1.11.6:
    resolution: {integrity: sha512-ejAj9hfRJ2XMsNHk/v6Fu2dGS+i4UaXBXGemOfQ/JfQ6mdQg/WXtwleQRLLS4OvfDhv8rYnVwH27YJLMyYsxhw==}
    dev: true

  /@webassemblyjs/helper-api-error/1.11.6:
    resolution: {integrity: sha512-o0YkoP4pVu4rN8aTJgAyj9hC2Sv5UlkzCHhxqWj8butaLvnpdc2jOwh4ewE6CX0txSfLn/UYaV/pheS2Txg//Q==}
    dev: true

  /@webassemblyjs/helper-buffer/1.12.1:
    resolution: {integrity: sha512-nzJwQw99DNDKr9BVCOZcLuJJUlqkJh+kVzVl6Fmq/tI5ZtEyWT1KZMyOXltXLZJmDtvLCDgwsyrkohEtopTXCw==}
    dev: true

  /@webassemblyjs/helper-numbers/1.11.6:
    resolution: {integrity: sha512-vUIhZ8LZoIWHBohiEObxVm6hwP034jwmc9kuq5GdHZH0wiLVLIPcMCdpJzG4C11cHoQ25TFIQj9kaVADVX7N3g==}
    dependencies:
      '@webassemblyjs/floating-point-hex-parser': 1.11.6
      '@webassemblyjs/helper-api-error': 1.11.6
      '@xtuc/long': 4.2.2
    dev: true

  /@webassemblyjs/helper-wasm-bytecode/1.11.6:
    resolution: {integrity: sha512-sFFHKwcmBprO9e7Icf0+gddyWYDViL8bpPjJJl0WHxCdETktXdmtWLGVzoHbqUcY4Be1LkNfwTmXOJUFZYSJdA==}
    dev: true

  /@webassemblyjs/helper-wasm-section/1.12.1:
    resolution: {integrity: sha512-Jif4vfB6FJlUlSbgEMHUyk1j234GTNG9dBJ4XJdOySoj518Xj0oGsNi59cUQF4RRMS9ouBUxDDdyBVfPTypa5g==}
    dependencies:
      '@webassemblyjs/ast': 1.12.1
      '@webassemblyjs/helper-buffer': 1.12.1
      '@webassemblyjs/helper-wasm-bytecode': 1.11.6
      '@webassemblyjs/wasm-gen': 1.12.1
    dev: true

  /@webassemblyjs/ieee754/1.11.6:
    resolution: {integrity: sha512-LM4p2csPNvbij6U1f19v6WR56QZ8JcHg3QIJTlSwzFcmx6WSORicYj6I63f9yU1kEUtrpG+kjkiIAkevHpDXrg==}
    dependencies:
      '@xtuc/ieee754': 1.2.0
    dev: true

  /@webassemblyjs/leb128/1.11.6:
    resolution: {integrity: sha512-m7a0FhE67DQXgouf1tbN5XQcdWoNgaAuoULHIfGFIEVKA6tu/edls6XnIlkmS6FrXAquJRPni3ZZKjw6FSPjPQ==}
    dependencies:
      '@xtuc/long': 4.2.2
    dev: true

  /@webassemblyjs/utf8/1.11.6:
    resolution: {integrity: sha512-vtXf2wTQ3+up9Zsg8sa2yWiQpzSsMyXj0qViVP6xKGCUT8p8YJ6HqI7l5eCnWx1T/FYdsv07HQs2wTFbbof/RA==}
    dev: true

  /@webassemblyjs/wasm-edit/1.12.1:
    resolution: {integrity: sha512-1DuwbVvADvS5mGnXbE+c9NfA8QRcZ6iKquqjjmR10k6o+zzsRVesil54DKexiowcFCPdr/Q0qaMgB01+SQ1u6g==}
    dependencies:
      '@webassemblyjs/ast': 1.12.1
      '@webassemblyjs/helper-buffer': 1.12.1
      '@webassemblyjs/helper-wasm-bytecode': 1.11.6
      '@webassemblyjs/helper-wasm-section': 1.12.1
      '@webassemblyjs/wasm-gen': 1.12.1
      '@webassemblyjs/wasm-opt': 1.12.1
      '@webassemblyjs/wasm-parser': 1.12.1
      '@webassemblyjs/wast-printer': 1.12.1
    dev: true

  /@webassemblyjs/wasm-gen/1.12.1:
    resolution: {integrity: sha512-TDq4Ojh9fcohAw6OIMXqiIcTq5KUXTGRkVxbSo1hQnSy6lAM5GSdfwWeSxpAo0YzgsgF182E/U0mDNhuA0tW7w==}
    dependencies:
      '@webassemblyjs/ast': 1.12.1
      '@webassemblyjs/helper-wasm-bytecode': 1.11.6
      '@webassemblyjs/ieee754': 1.11.6
      '@webassemblyjs/leb128': 1.11.6
      '@webassemblyjs/utf8': 1.11.6
    dev: true

  /@webassemblyjs/wasm-opt/1.12.1:
    resolution: {integrity: sha512-Jg99j/2gG2iaz3hijw857AVYekZe2SAskcqlWIZXjji5WStnOpVoat3gQfT/Q5tb2djnCjBtMocY/Su1GfxPBg==}
    dependencies:
      '@webassemblyjs/ast': 1.12.1
      '@webassemblyjs/helper-buffer': 1.12.1
      '@webassemblyjs/wasm-gen': 1.12.1
      '@webassemblyjs/wasm-parser': 1.12.1
    dev: true

  /@webassemblyjs/wasm-parser/1.12.1:
    resolution: {integrity: sha512-xikIi7c2FHXysxXe3COrVUPSheuBtpcfhbpFj4gmu7KRLYOzANztwUU0IbsqvMqzuNK2+glRGWCEqZo1WCLyAQ==}
    dependencies:
      '@webassemblyjs/ast': 1.12.1
      '@webassemblyjs/helper-api-error': 1.11.6
      '@webassemblyjs/helper-wasm-bytecode': 1.11.6
      '@webassemblyjs/ieee754': 1.11.6
      '@webassemblyjs/leb128': 1.11.6
      '@webassemblyjs/utf8': 1.11.6
    dev: true

  /@webassemblyjs/wast-printer/1.12.1:
    resolution: {integrity: sha512-+X4WAlOisVWQMikjbcvY2e0rwPsKQ9F688lksZhBcPycBBuii3O7m8FACbDMWDojpAqvjIncrG8J0XHKyQfVeA==}
    dependencies:
      '@webassemblyjs/ast': 1.12.1
      '@xtuc/long': 4.2.2
    dev: true

  /@webpack-cli/configtest/1.2.0_acd84a4bd55a99aa3be103a43eb4c9fe:
    resolution: {integrity: sha512-4FB8Tj6xyVkyqjj1OaTqCjXYULB9FMkqQ8yGrZjRDrYh0nOE+7Lhs45WioWQQMV+ceFlE368Ukhe6xdvJM9Egg==}
    peerDependencies:
      webpack: 4.x.x || 5.x.x
      webpack-cli: 4.x.x
    dependencies:
      webpack: 5.95.0_webpack-cli@4.10.0
      webpack-cli: 4.10.0_webpack@5.95.0
    dev: true

  /@webpack-cli/info/1.5.0_webpack-cli@4.10.0:
    resolution: {integrity: sha512-e8tSXZpw2hPl2uMJY6fsMswaok5FdlGNRTktvFk2sD8RjH0hE2+XistawJx1vmKteh4NmGmNUrp+Tb2w+udPcQ==}
    peerDependencies:
      webpack-cli: 4.x.x
    dependencies:
      envinfo: 7.14.0
      webpack-cli: 4.10.0_webpack@5.95.0
    dev: true

  /@webpack-cli/serve/1.7.0_webpack-cli@4.10.0:
    resolution: {integrity: sha512-oxnCNGj88fL+xzV+dacXs44HcDwf1ovs3AuEzvP7mqXw7fQntqIhQ1BRmynh4qEKQSSSRSWVyXRjmTbZIX9V2Q==}
    peerDependencies:
      webpack-cli: 4.x.x
      webpack-dev-server: '*'
    peerDependenciesMeta:
      webpack-dev-server:
        optional: true
    dependencies:
      webpack-cli: 4.10.0_webpack@5.95.0
    dev: true

  /@xtuc/ieee754/1.2.0:
    resolution: {integrity: sha1-7vAUoxRa5Hehy8AM0eVSM23Ot5A=}
    dev: true

  /@xtuc/long/4.2.2:
    resolution: {integrity: sha1-0pHGpOl5ibXGHZrPOWrk/hM6cY0=}
    dev: true

  /acorn-import-attributes/1.9.5_acorn@8.12.1:
    resolution: {integrity: sha512-n02Vykv5uA3eHGM/Z2dQrcD56kL8TyDb2p1+0P83PClMnC/nc+anbQRhIOWnSq4Ke/KvDPrY3C9hDtC/A3eHnQ==}
    peerDependencies:
      acorn: ^8
    dependencies:
      acorn: 8.12.1
    dev: true

  /acorn/8.12.1:
    resolution: {integrity: sha512-tcpGyI9zbizT9JbV6oYE477V6mTlXvvi0T0G3SNIYE2apm/G5huBa1+K89VGeovbg+jycCrfhl3ADxErOuO6Jg==}
    engines: {node: '>=0.4.0'}
    hasBin: true
    dev: true

  /ajv-keywords/3.5.2_ajv@6.12.6:
    resolution: {integrity: sha1-MfKdpatuANHC0yms97WSlhTVAU0=}
    peerDependencies:
      ajv: ^6.9.1
    dependencies:
      ajv: 6.12.6
    dev: true

  /ajv/6.12.6:
    resolution: {integrity: sha512-j3fVLgvTo527anyYyJOGTYJbG+vnnQYvE0m5mmkc1TK+nxAppkCLMIL0aZ4dblVCNoGShhm+kzE4ZUykBoMg4g==}
    dependencies:
      fast-deep-equal: 3.1.3
      fast-json-stable-stringify: 2.1.0
      json-schema-traverse: 0.4.1
      uri-js: 4.4.1
    dev: true

  /ansi-styles/3.2.1:
    resolution: {integrity: sha512-VT0ZI6kZRdTh8YyJw3SMbYm/u+NqfsAxEpWO0Pf9sq8/e94WxxOpPKx9FR1FlyCtOVDNOQ+8ntlqFxiRc+r5qA==}
    engines: {node: '>=4'}
    dependencies:
      color-convert: 1.9.3
    dev: false

  /babel-runtime/6.26.0:
    resolution: {integrity: sha1-llxwWGaOgrVde/4E/yM3vItWR/4=}
    dependencies:
      core-js: 2.6.12
      regenerator-runtime: 0.11.1
    dev: true

  /babel-types/6.26.0:
    resolution: {integrity: sha512-zhe3V/26rCWsEZK8kZN+HaQj5yQ1CilTObixFzKW1UWjqG7618Twz6YEsCnjfg5gBcJh02DrpCkS9h98ZqDY+g==}
    dependencies:
      babel-runtime: 6.26.0
      esutils: 2.0.3
      lodash: 4.17.21
      to-fast-properties: 1.0.3
    dev: true

  /browserslist/4.24.0:
    resolution: {integrity: sha512-Rmb62sR1Zpjql25eSanFGEhAxcFwfA1K0GuQcLoaJBAcENegrQut3hYdhXFF1obQfiDyqIW/cLM5HSJ/9k884A==}
    engines: {node: ^6 || ^7 || ^8 || ^9 || ^10 || ^11 || ^12 || >=13.7}
    hasBin: true
    dependencies:
      caniuse-lite: 1.0.30001664
      electron-to-chromium: 1.5.29
      node-releases: 2.0.18
      update-browserslist-db: 1.1.1_browserslist@4.24.0
    dev: true

  /buffer-from/1.1.2:
    resolution: {integrity: sha1-KxRqb9cugLT1XSVfNe1Zo6mkG9U=}
    dev: true

  /caniuse-lite/1.0.30001664:
    resolution: {integrity: sha512-AmE7k4dXiNKQipgn7a2xg558IRqPN3jMQY/rOsbxDhrd0tyChwbITBfiwtnqz8bi2M5mIWbxAYBvk7W7QBUS2g==}
    dev: true

  /chalk/2.4.2:
    resolution: {integrity: sha512-Mti+f9lpJNcwF4tWV8/OrTTtF1gZi+f8FqlyAdouralcFWFQWF2+NgCHShjkCb+IFBLq9buZwE1xckQU4peSuQ==}
    engines: {node: '>=4'}
    dependencies:
      ansi-styles: 3.2.1
      escape-string-regexp: 1.0.5
      supports-color: 5.5.0
    dev: false

  /chrome-trace-event/1.0.4:
    resolution: {integrity: sha512-rNjApaLzuwaOTjCiT8lSDdGN1APCiqkChLMJxJPWLunPAt5fy8xgU9/jNOchV84wfIxrA0lRQB7oCT8jrn/wrQ==}
    engines: {node: '>=6.0'}
    dev: true

  /clone-deep/4.0.1:
    resolution: {integrity: sha1-wZ/Zvbv4WUK0/ZechNz31fB8I4c=}
    engines: {node: '>=6'}
    dependencies:
      is-plain-object: 2.0.4
      kind-of: 6.0.3
      shallow-clone: 3.0.1
    dev: true

  /color-convert/1.9.3:
    resolution: {integrity: sha1-u3GFBpDh8TZWfeYp0tVHHe2kweg=}
    dependencies:
      color-name: 1.1.3
    dev: false

  /color-name/1.1.3:
    resolution: {integrity: sha1-p9BVi9icQveV3UIyj3QIMcpTvCU=}
    dev: false

  /colorette/2.0.20:
    resolution: {integrity: sha512-IfEDxwoWIjkeXL1eXcDiow4UbKjhLdq6/EuSVR9GMN7KVH3r9gQ83e73hsz1Nd1T3ijd5xv1wcWRYO+D6kCI2w==}
    dev: true

  /commander/2.20.3:
    resolution: {integrity: sha512-GpVkmM8vF2vQUkj2LvZmD35JxeJOLCwJ9cUkugyk2nuhbv3+mJvpLYYt+0+USMxE+oj+ey/lJEnhZw75x/OMcQ==}
    dev: true

  /commander/7.2.0:
    resolution: {integrity: sha512-QrWXB+ZQSVPmIWIhtEO9H+gwHaMGYiF5ChvoJ+K9ZGHG/sVsa6yiesAD1GC/x46sET00Xlwo1u49RVVVzvcSkw==}
    engines: {node: '>= 10'}
    dev: true

  /core-js/2.6.12:
    resolution: {integrity: sha512-Kb2wC0fvsWfQrgk8HU5lW6U/Lcs8+9aaYcy4ZFc6DDlo4nZ7n70dEgE5rtR0oG6ufKDUnrwfWL1mXR5ljDatrQ==}
    deprecated: core-js@<3.4 is no longer maintained and not recommended for usage due to the number of issues. Because of the V8 engine whims, feature detection in old core-js versions could cause a slowdown up to 100x even if nothing is polyfilled. Please, upgrade your dependencies to the actual version of core-js.
    requiresBuild: true
    dev: true

  /cross-spawn/7.0.3:
    resolution: {integrity: sha1-9zqFudXUHQRVUcF34ogtSshXKKY=}
    engines: {node: '>= 8'}
    dependencies:
      path-key: 3.1.1
      shebang-command: 2.0.0
      which: 2.0.2
    dev: true

  /debug/4.3.7:
    resolution: {integrity: sha512-Er2nc/H7RrMXZBFCEim6TCmMk02Z8vLC2Rbi1KEBggpo0fS6l0S1nnapwmIi3yW/+GOJap1Krg4w0Hg80oCqgQ==}
    engines: {node: '>=6.0'}
    peerDependencies:
      supports-color: '*'
    peerDependenciesMeta:
      supports-color:
        optional: true
    dependencies:
      ms: 2.1.3
    dev: false

  /electron-to-chromium/1.5.29:
    resolution: {integrity: sha512-PF8n2AlIhCKXQ+gTpiJi0VhcHDb69kYX4MtCiivctc2QD3XuNZ/XIOlbGzt7WAjjEev0TtaH6Cu3arZExm5DOw==}
    dev: true

  /enhanced-resolve/5.17.1:
    resolution: {integrity: sha512-LMHl3dXhTcfv8gM4kEzIUeTQ+7fpdA0l2tUf34BddXPkz2A5xJ5L/Pchd5BL6rdccM9QGvu0sWZzK1Z1t4wwyg==}
    engines: {node: '>=10.13.0'}
    dependencies:
      graceful-fs: 4.2.11
      tapable: 2.2.1
    dev: true

  /envinfo/7.14.0:
    resolution: {integrity: sha512-CO40UI41xDQzhLB1hWyqUKgFhs250pNcGbyGKe1l/e4FSaI/+YE4IMG76GDt0In67WLPACIITC+sOi08x4wIvg==}
    engines: {node: '>=4'}
    hasBin: true
    dev: true

  /es-module-lexer/1.5.4:
    resolution: {integrity: sha512-MVNK56NiMrOwitFB7cqDwq0CQutbw+0BvLshJSse0MUNU+y1FC3bUS/AQg7oUng+/wKrrki7JfmwtVHkVfPLlw==}
    dev: true

  /escalade/3.2.0:
    resolution: {integrity: sha512-WUj2qlxaQtO4g6Pq5c29GTcWGDyd8itL8zTlipgECz3JesAiiOKotd8JU6otB3PACgG6xkJUyVhboMS+bje/jA==}
    engines: {node: '>=6'}
    dev: true

  /escape-string-regexp/1.0.5:
    resolution: {integrity: sha1-G2HAViGQqN/2rjuyzwIAyhMLhtQ=}
    engines: {node: '>=0.8.0'}
    dev: false

  /eslint-scope/5.1.1:
    resolution: {integrity: sha512-2NxwbF/hZ0KpepYN0cNbo+FN6XoK7GaHlQhgx/hIZl6Va0bF45RQOOwhLIy8lQDbuCiadSLCBnH2CFYquit5bw==}
    engines: {node: '>=8.0.0'}
    dependencies:
      esrecurse: 4.3.0
      estraverse: 4.3.0
    dev: true

  /esrecurse/4.3.0:
    resolution: {integrity: sha1-eteWTWeauyi+5yzsY3WLHF0smSE=}
    engines: {node: '>=4.0'}
    dependencies:
      estraverse: 5.3.0
    dev: true

  /estraverse/4.3.0:
    resolution: {integrity: sha1-OYrT88WiSUi+dyXoPRGn3ijNvR0=}
    engines: {node: '>=4.0'}
    dev: true

  /estraverse/5.3.0:
    resolution: {integrity: sha1-LupSkHAvJquP5TcDcP+GyWXSESM=}
    engines: {node: '>=4.0'}
    dev: true

  /esutils/2.0.3:
    resolution: {integrity: sha1-dNLrTeC42hKTcRkQ1Qd1ubcQ72Q=}
    engines: {node: '>=0.10.0'}
    dev: true

  /events/3.3.0:
    resolution: {integrity: sha1-Mala0Kkk4tLEGagTrrLE6HjqdAA=}
    engines: {node: '>=0.8.x'}
    dev: true

  /fast-deep-equal/3.1.3:
    resolution: {integrity: sha1-On1WtVnWy8PrUSMlJE5hmmXGxSU=}
    dev: true

  /fast-json-stable-stringify/2.1.0:
    resolution: {integrity: sha1-h0v2nG9ATCtdmcSBNBOZ/VWJJjM=}
    dev: true

  /fastest-levenshtein/1.0.16:
    resolution: {integrity: sha512-eRnCtTTtGZFpQCwhJiUOuxPQWRXVKYDn0b2PeHfXL6/Zi53SLAzAHfVhVWK2AryC/WH05kGfxhFIPvTF0SXQzg==}
    engines: {node: '>= 4.9.1'}
    dev: true

  /find-up/4.1.0:
    resolution: {integrity: sha1-l6/n1s3AvFkoWEt8jXsW6KmqXRk=}
    engines: {node: '>=8'}
    dependencies:
      locate-path: 5.0.0
      path-exists: 4.0.0
    dev: true

  /flat/5.0.2:
    resolution: {integrity: sha512-b6suED+5/3rTpUBdG1gupIl8MPFCAMA0QXwmljLhvCUKcUvdE4gWky9zpuGCcXHOsz4J9wPGNWq6OKpmIzz3hQ==}
    hasBin: true
    dev: true

  /function-bind/1.1.2:
    resolution: {integrity: sha512-7XHNxH7qX9xG5mIwxkhumTox/MIRNcOgDrxWsMt2pAr23WHp6MrRlN7FBSFpCpr+oVO0F744iUgR82nJMfG2SA==}
    dev: true

  /glob-to-regexp/0.4.1:
    resolution: {integrity: sha1-x1KXCHyFG5pXi9IX3VmpL1n+VG4=}
    dev: true

  /globals/11.12.0:
    resolution: {integrity: sha1-q4eVM4hooLq9hSV1gBjCp+uVxC4=}
    engines: {node: '>=4'}
    dev: false

  /graceful-fs/4.2.11:
    resolution: {integrity: sha512-RbJ5/jmFcNNCcDV5o9eTnBLJ/HszWV0P73bc+Ff4nS/rJj+YaS6IGyiOL0VoBYX+l1Wrl3k63h/KrH+nhJ0XvQ==}
    dev: true

  /has-flag/3.0.0:
    resolution: {integrity: sha1-tdRU3CGZriJWmfNGfloH87lVuv0=}
    engines: {node: '>=4'}
    dev: false

  /has-flag/4.0.0:
    resolution: {integrity: sha1-lEdx/ZyByBJlxNaUGGDaBrtZR5s=}
    engines: {node: '>=8'}
    dev: true

  /hasown/2.0.2:
    resolution: {integrity: sha512-0hJU9SCPvmMzIBdZFqNPXWa6dqh7WdH0cII9y+CyS8rG3nL48Bclra9HmKhVVUHyPWNH5Y7xDwAB7bfgSjkUMQ==}
    engines: {node: '>= 0.4'}
    dependencies:
      function-bind: 1.1.2
    dev: true

  /import-local/3.2.0:
    resolution: {integrity: sha512-2SPlun1JUPWoM6t3F0dw0FkCF/jWY8kttcY4f599GLTSjh2OCuuhdTkJQsEcZzBqbXZGKMK2OqW1oZsjtf/gQA==}
    engines: {node: '>=8'}
    hasBin: true
    dependencies:
      pkg-dir: 4.2.0
      resolve-cwd: 3.0.0
    dev: true

  /interpret/2.2.0:
    resolution: {integrity: sha1-GnigtZZcQKVBbQB61vUK0nxBffk=}
    engines: {node: '>= 0.10'}
    dev: true

  /is-core-module/2.15.1:
    resolution: {integrity: sha512-z0vtXSwucUJtANQWldhbtbt7BnL0vxiFjIdDLAatwhDYty2bad6s+rijD6Ri4YuYJubLzIJLUidCh09e1djEVQ==}
    engines: {node: '>= 0.4'}
    dependencies:
      hasown: 2.0.2
    dev: true

  /is-plain-object/2.0.4:
    resolution: {integrity: sha1-LBY7P6+xtgbZ0Xko8FwqHDjgdnc=}
    engines: {node: '>=0.10.0'}
    dependencies:
      isobject: 3.0.1
    dev: true

  /isexe/2.0.0:
    resolution: {integrity: sha1-6PvzdNxVb/iUehDcsFctYz8s+hA=}
    dev: true

  /isobject/3.0.1:
    resolution: {integrity: sha512-WhB9zCku7EGTj/HQQRz5aUQEUeoQZH2bWcltRErOpymJ4boYE6wL9Tbr23krRPSZ+C5zqNSrSw+Cc7sZZ4b7vg==}
    engines: {node: '>=0.10.0'}
    dev: true

  /jest-worker/27.5.1:
    resolution: {integrity: sha512-7vuh85V5cdDofPyxn58nrPjBktZo0u9x1g8WtjQol+jZDaE+fhN+cIvTj11GndBnMnyfrUOG1sZQxCdjKh+DKg==}
    engines: {node: '>= 10.13.0'}
    dependencies:
      '@types/node': 22.7.4
      merge-stream: 2.0.0
      supports-color: 8.1.1
    dev: true

  /js-tokens/4.0.0:
    resolution: {integrity: sha1-GSA/tZmR35jjoocFDUZHzerzJJk=}
    dev: false

  /jsesc/2.5.2:
    resolution: {integrity: sha1-gFZNLkg9rPbo7yCWUKZ98/DCg6Q=}
    engines: {node: '>=4'}
    hasBin: true
    dev: false

  /json-parse-even-better-errors/2.3.1:
    resolution: {integrity: sha1-fEeAWpQxmSjgV3dAXcEuH3pO4C0=}
    dev: true

  /json-schema-traverse/0.4.1:
    resolution: {integrity: sha1-afaofZUTq4u4/mO9sJecRI5oRmA=}
    dev: true

  /kind-of/6.0.3:
    resolution: {integrity: sha1-B8BQNKbDSfoG4k+jWqdttFgM5N0=}
    engines: {node: '>=0.10.0'}
    dev: true

  /loader-runner/4.3.0:
    resolution: {integrity: sha512-3R/1M+yS3j5ou80Me59j7F9IMs4PXs3VqRrm0TU3AbKPxlmpoY1TNscJV/oGJXo8qCatFGTfDbY6W6ipGOYXfg==}
    engines: {node: '>=6.11.5'}
    dev: true

  /locate-path/5.0.0:
    resolution: {integrity: sha1-Gvujlq/WdqbUJQTQpno6frn2KqA=}
    engines: {node: '>=8'}
    dependencies:
      p-locate: 4.1.0
    dev: true

  /lodash/4.17.21:
    resolution: {integrity: sha512-v2kDEe57lecTulaDIuNTPy3Ry4gLGJ6Z1O3vE1krgXZNrsQ+LFTGHVxVjcXPs17LhbZVGedAJv8XZ1tvj5FvSg==}
    dev: true

  /merge-stream/2.0.0:
    resolution: {integrity: sha1-UoI2KaFN0AyXcPtq1H3GMQ8sH2A=}
    dev: true

  /mime-db/1.52.0:
    resolution: {integrity: sha512-sPU4uV7dYlvtWJxwwxHD0PuihVNiE7TyAbQ5SWxDCB9mUYvOgroQOwYQQOKPJ8CIbE+1ETVlOoK1UC2nU3gYvg==}
    engines: {node: '>= 0.6'}
    dev: true

  /mime-types/2.1.35:
    resolution: {integrity: sha512-ZDY+bPm5zTTF+YpCrAU9nK0UgICYPT0QtT1NZWFv4s++TNkcgVaT0g6+4R2uI4MjQjzysHB1zxuWL50hzaeXiw==}
    engines: {node: '>= 0.6'}
    dependencies:
      mime-db: 1.52.0
    dev: true

  /ms/2.1.3:
    resolution: {integrity: sha1-V0yBOM4dK1hh8LRFedut1gxmFbI=}
    dev: false

  /neo-async/2.6.2:
    resolution: {integrity: sha1-tKr7k+OustgXTKU88WOrfXMIMF8=}
    dev: true

  /node-releases/2.0.18:
    resolution: {integrity: sha512-d9VeXT4SJ7ZeOqGX6R5EM022wpL+eWPooLI+5UpWn2jCT1aosUQEhQP214x33Wkwx3JQMvIm+tIoVOdodFS40g==}
    dev: true

  /p-limit/2.3.0:
    resolution: {integrity: sha1-PdM8ZHohT9//2DWTPrCG2g3CHbE=}
    engines: {node: '>=6'}
    dependencies:
      p-try: 2.2.0
    dev: true

  /p-locate/4.1.0:
    resolution: {integrity: sha1-o0KLtwiLOmApL2aRkni3wpetTwc=}
    engines: {node: '>=8'}
    dependencies:
      p-limit: 2.3.0
    dev: true

  /p-try/2.2.0:
    resolution: {integrity: sha1-yyhoVA4xPWHeWPr741zpAE1VQOY=}
    engines: {node: '>=6'}
    dev: true

  /path-exists/4.0.0:
    resolution: {integrity: sha1-UTvb4tO5XXdi6METfvoZXGxhtbM=}
    engines: {node: '>=8'}
    dev: true

  /path-key/3.1.1:
    resolution: {integrity: sha1-WB9q3mWMu6ZaDTOA3ndTKVBU83U=}
    engines: {node: '>=8'}
    dev: true

  /path-parse/1.0.7:
    resolution: {integrity: sha1-+8EUtgykKzDZ2vWFjkvWi77bZzU=}
    dev: true

  /picocolors/1.1.0:
    resolution: {integrity: sha512-TQ92mBOW0l3LeMeyLV6mzy/kWr8lkd/hp3mTg7wYK7zJhuBStmGMBG0BdeDZS/dZx1IukaX6Bk11zcln25o1Aw==}

  /pkg-dir/4.2.0:
    resolution: {integrity: sha1-8JkTPfft5CLoHR2ESCcO6z5CYfM=}
    engines: {node: '>=8'}
    dependencies:
      find-up: 4.1.0
    dev: true

  /punycode/2.3.1:
    resolution: {integrity: sha512-vYt7UD1U9Wg6138shLtLOvdAu+8DsC/ilFtEVHcH+wydcSpNE20AfSOduf6MkRFahL5FY7X1oU7nKVZFtfq8Fg==}
    engines: {node: '>=6'}
    dev: true

  /randombytes/2.1.0:
    resolution: {integrity: sha512-vYl3iOX+4CKUWuxGi9Ukhie6fsqXqS9FE2Zaic4tNFD2N2QQaXOMFbuKK4QmDHC0JO6B1Zp41J0LpT0oR68amQ==}
    dependencies:
      safe-buffer: 5.2.1
    dev: true

  /rechoir/0.7.1:
    resolution: {integrity: sha1-lHipahyhNbXoj8An8D7pLWxkVoY=}
    engines: {node: '>= 0.10'}
    dependencies:
      resolve: 1.22.8
    dev: true

  /regenerator-runtime/0.11.1:
    resolution: {integrity: sha512-MguG95oij0fC3QV3URf4V2SDYGJhJnJGqvIIgdECeODCT98wSWDAJ94SSuVpYQUoTcGUIL6L4yNB7j1DFFHSBg==}
    dev: true

  /resolve-cwd/3.0.0:
    resolution: {integrity: sha1-DwB18bslRHZs9zumpuKt/ryxPy0=}
    engines: {node: '>=8'}
    dependencies:
      resolve-from: 5.0.0
    dev: true

  /resolve-from/5.0.0:
    resolution: {integrity: sha1-w1IlhD3493bfIcV1V7wIfp39/Gk=}
    engines: {node: '>=8'}
    dev: true

  /resolve/1.22.8:
    resolution: {integrity: sha512-oKWePCxqpd6FlLvGV1VU0x7bkPmmCNolxzjMf4NczoDnQcIWrAF+cPtZn5i6n+RfD2d9i0tzpKnG6Yk168yIyw==}
    hasBin: true
    dependencies:
      is-core-module: 2.15.1
      path-parse: 1.0.7
      supports-preserve-symlinks-flag: 1.0.0
    dev: true

  /safe-buffer/5.2.1:
    resolution: {integrity: sha1-Hq+fqb2x/dTsdfWPnNtOa3gn7sY=}
    dev: true

  /schema-utils/3.3.0:
    resolution: {integrity: sha512-pN/yOAvcC+5rQ5nERGuwrjLlYvLTbCibnZ1I7B1LaiAz9BRBlE9GMgE/eqV30P7aJQUf7Ddimy/RsbYO/GrVGg==}
    engines: {node: '>= 10.13.0'}
    dependencies:
      '@types/json-schema': 7.0.15
      ajv: 6.12.6
      ajv-keywords: 3.5.2_ajv@6.12.6
    dev: true

  /serialize-javascript/6.0.2:
    resolution: {integrity: sha512-Saa1xPByTTq2gdeFZYLLo+RFE35NHZkAbqZeWNd3BpzppeVisAqpDjcp8dyf6uIvEqJRd46jemmyA4iFIeVk8g==}
    dependencies:
      randombytes: 2.1.0
    dev: true

  /shallow-clone/3.0.1:
    resolution: {integrity: sha1-jymBrZJTH1UDWwH7IwdppA4C76M=}
    engines: {node: '>=8'}
    dependencies:
      kind-of: 6.0.3
    dev: true

  /shebang-command/2.0.0:
    resolution: {integrity: sha1-zNCvT4g1+9wmW4JGGq8MNmY/NOo=}
    engines: {node: '>=8'}
    dependencies:
      shebang-regex: 3.0.0
    dev: true

  /shebang-regex/3.0.0:
    resolution: {integrity: sha1-rhbxZE2HPsrYQ7AwexQzYtTEIXI=}
    engines: {node: '>=8'}
    dev: true

  /source-map-support/0.5.21:
    resolution: {integrity: sha1-BP58f54e0tZiIzwoyys1ufY/bk8=}
    dependencies:
      buffer-from: 1.1.2
      source-map: 0.6.1
    dev: true

  /source-map/0.6.1:
    resolution: {integrity: sha1-dHIq8y6WFOnCh6jQu95IteLxomM=}
    engines: {node: '>=0.10.0'}
    dev: true

  /supports-color/5.5.0:
    resolution: {integrity: sha1-4uaaRKyHcveKHsCzW2id9lMO/I8=}
    engines: {node: '>=4'}
    dependencies:
      has-flag: 3.0.0
    dev: false

  /supports-color/8.1.1:
    resolution: {integrity: sha1-zW/BfihQDP9WwbhsCn/UpUpzAFw=}
    engines: {node: '>=10'}
    dependencies:
      has-flag: 4.0.0
    dev: true

  /supports-preserve-symlinks-flag/1.0.0:
    resolution: {integrity: sha512-ot0WnXS9fgdkgIcePe6RHNk1WA8+muPa6cSjeR3V8K27q9BB1rTE3R1p7Hv0z1ZyAc8s6Vvv8DIyWf681MAt0w==}
    engines: {node: '>= 0.4'}
    dev: true

  /tapable/2.2.1:
    resolution: {integrity: sha512-GNzQvQTOIP6RyTfE2Qxb8ZVlNmw0n88vp1szwWRimP02mnTsx3Wtn5qRdqY9w2XduFNUgvOwhNnQsjwCp+kqaQ==}
    engines: {node: '>=6'}
    dev: true

  /terser-webpack-plugin/5.3.10_webpack@5.95.0:
    resolution: {integrity: sha512-BKFPWlPDndPs+NGGCr1U59t0XScL5317Y0UReNrHaw9/FwhPENlq6bfgs+4yPfyP51vqC1bQ4rp1EfXW5ZSH9w==}
    engines: {node: '>= 10.13.0'}
    peerDependencies:
      '@swc/core': '*'
      esbuild: '*'
      uglify-js: '*'
      webpack: ^5.1.0
    peerDependenciesMeta:
      '@swc/core':
        optional: true
      esbuild:
        optional: true
      uglify-js:
        optional: true
    dependencies:
      '@jridgewell/trace-mapping': 0.3.25
      jest-worker: 27.5.1
      schema-utils: 3.3.0
      serialize-javascript: 6.0.2
      terser: 5.34.1
      webpack: 5.95.0_webpack-cli@4.10.0
    dev: true

  /terser/5.34.1:
    resolution: {integrity: sha512-FsJZ7iZLd/BXkz+4xrRTGJ26o/6VTjQytUk8b8OxkwcD2I+79VPJlz7qss1+zE7h8GNIScFqXcDyJ/KqBYZFVA==}
    engines: {node: '>=10'}
    hasBin: true
    dependencies:
      '@jridgewell/source-map': 0.3.6
      acorn: 8.12.1
      commander: 2.20.3
      source-map-support: 0.5.21
    dev: true

  /to-fast-properties/1.0.3:
    resolution: {integrity: sha1-uDVx+k2MJbguIxsG46MFXeTKGkc=}
    engines: {node: '>=0.10.0'}
    dev: true

  /to-fast-properties/2.0.0:
    resolution: {integrity: sha1-3F5pjL0HkmW8c+A3doGk5Og/YW4=}
    engines: {node: '>=4'}
    dev: false

  /undici-types/6.19.8:
    resolution: {integrity: sha512-ve2KP6f/JnbPBFyobGHuerC9g1FYGn/F8n1LWTwNxCEzd6IfqTwUQcNXgEtmmQ6DlRrC1hrSrBnCZPokRrDHjw==}
    dev: true

  /update-browserslist-db/1.1.1_browserslist@4.24.0:
    resolution: {integrity: sha512-R8UzCaa9Az+38REPiJ1tXlImTJXlVfgHZsglwBD/k6nj76ctsH1E3q4doGrukiLQd3sGQYu56r5+lo5r94l29A==}
    hasBin: true
    peerDependencies:
      browserslist: '>= 4.21.0'
    dependencies:
      browserslist: 4.24.0
      escalade: 3.2.0
      picocolors: 1.1.0
    dev: true

  /uri-js/4.4.1:
    resolution: {integrity: sha1-mxpSWVIlhZ5V9mnZKPiMbFfyp34=}
    dependencies:
      punycode: 2.3.1
    dev: true

  /watchpack/2.4.2:
    resolution: {integrity: sha512-TnbFSbcOCcDgjZ4piURLCbJ3nJhznVh9kw6F6iokjiFPl8ONxe9A6nMDVXDiNbrSfLILs6vB07F7wLBrwPYzJw==}
    engines: {node: '>=10.13.0'}
    dependencies:
      glob-to-regexp: 0.4.1
      graceful-fs: 4.2.11
    dev: true

  /webpack-cli/4.10.0_webpack@5.95.0:
    resolution: {integrity: sha512-NLhDfH/h4O6UOy+0LSso42xvYypClINuMNBVVzX4vX98TmTaTUxwRbXdhucbFMd2qLaCTcLq/PdYrvi8onw90w==}
    engines: {node: '>=10.13.0'}
    hasBin: true
    peerDependencies:
      '@webpack-cli/generators': '*'
      '@webpack-cli/migrate': '*'
      webpack: 4.x.x || 5.x.x
      webpack-bundle-analyzer: '*'
      webpack-dev-server: '*'
    peerDependenciesMeta:
      '@webpack-cli/generators':
        optional: true
      '@webpack-cli/migrate':
        optional: true
      webpack-bundle-analyzer:
        optional: true
      webpack-dev-server:
        optional: true
    dependencies:
      '@discoveryjs/json-ext': 0.5.7
      '@webpack-cli/configtest': 1.2.0_acd84a4bd55a99aa3be103a43eb4c9fe
      '@webpack-cli/info': 1.5.0_webpack-cli@4.10.0
      '@webpack-cli/serve': 1.7.0_webpack-cli@4.10.0
      colorette: 2.0.20
      commander: 7.2.0
      cross-spawn: 7.0.3
      fastest-levenshtein: 1.0.16
      import-local: 3.2.0
      interpret: 2.2.0
      rechoir: 0.7.1
      webpack: 5.95.0_webpack-cli@4.10.0
      webpack-merge: 5.10.0
    dev: true

  /webpack-merge/5.10.0:
    resolution: {integrity: sha512-+4zXKdx7UnO+1jaN4l2lHVD+mFvnlZQP/6ljaJVb4SZiwIKeUnrT5l0gkT8z+n4hKpC+jpOv6O9R+gLtag7pSA==}
    engines: {node: '>=10.0.0'}
    dependencies:
      clone-deep: 4.0.1
      flat: 5.0.2
      wildcard: 2.0.1
    dev: true

  /webpack-sources/3.2.3:
    resolution: {integrity: sha512-/DyMEOrDgLKKIG0fmvtz+4dUX/3Ghozwgm6iPp8KRhvn+eQf9+Q7GWxVNMk3+uCPWfdXYC4ExGBckIXdFEfH1w==}
    engines: {node: '>=10.13.0'}
    dev: true

  /webpack/5.95.0_webpack-cli@4.10.0:
    resolution: {integrity: sha512-2t3XstrKULz41MNMBF+cJ97TyHdyQ8HCt//pqErqDvNjU9YQBnZxIHa11VXsi7F3mb5/aO2tuDxdeTPdU7xu9Q==}
    engines: {node: '>=10.13.0'}
    hasBin: true
    peerDependencies:
      webpack-cli: '*'
    peerDependenciesMeta:
      webpack-cli:
        optional: true
    dependencies:
      '@types/estree': 1.0.6
      '@webassemblyjs/ast': 1.12.1
      '@webassemblyjs/wasm-edit': 1.12.1
      '@webassemblyjs/wasm-parser': 1.12.1
      acorn: 8.12.1
      acorn-import-attributes: 1.9.5_acorn@8.12.1
      browserslist: 4.24.0
      chrome-trace-event: 1.0.4
      enhanced-resolve: 5.17.1
      es-module-lexer: 1.5.4
      eslint-scope: 5.1.1
      events: 3.3.0
      glob-to-regexp: 0.4.1
      graceful-fs: 4.2.11
      json-parse-even-better-errors: 2.3.1
      loader-runner: 4.3.0
      mime-types: 2.1.35
      neo-async: 2.6.2
      schema-utils: 3.3.0
      tapable: 2.2.1
      terser-webpack-plugin: 5.3.10_webpack@5.95.0
      watchpack: 2.4.2
      webpack-cli: 4.10.0_webpack@5.95.0
      webpack-sources: 3.2.3
    transitivePeerDependencies:
      - '@swc/core'
      - esbuild
      - uglify-js
    dev: true

  /which/2.0.2:
    resolution: {integrity: sha1-fGqN0KY2oDJ+ELWckobu6T8/UbE=}
    engines: {node: '>= 8'}
    hasBin: true
    dependencies:
      isexe: 2.0.0
    dev: true

  /wildcard/2.0.1:
    resolution: {integrity: sha512-CC1bOL87PIWSBhDcTrdeLo6eGT7mCFtrg0uIJtqJUFyK+eJnzl8A1niH56uu7KMa5XFrtiV+AQuHO3n7DsHnLQ==}
    dev: true
