lockfileVersion: 5.3

specifiers:
  '@sunny-117/jspack': link:..
  isarray: ^2.0.5

dependencies:
  '@sunny-117/jspack': link:..
  isarray: 2.0.5

packages:

  /isarray/2.0.5:
    resolution: {integrity: sha512-xHjhDr3cNBK0BzdUJSPXZntQUx/mwMS5Rw4A7lPJ90XGAO6ISP/ePDNuo0vhqOZU+UD5JoodwCAAoZQd3FeAKw==}
    dev: false
